
Microsoft Visual Studio Solution File, Format Version 12.00
Project("{FAE04EC0-301F-11D3-BF4B-00C04F79EFBC}") = "ExpenseTracker", "ExpenseTracker\ExpenseTracker.csproj", "{47464910-182D-4810-B973-DCDC50927EA6}"
EndProject
Project("{2150E333-8FDC-42A3-9474-1A3956D46DE8}") = "tests", "tests", "{3CB2813B-017F-41AF-B57C-978154056380}"
EndProject
Project("{FAE04EC0-301F-11D3-BF4B-00C04F79EFBC}") = "tests", "tests\tests.csproj", "{F9ACC456-7C1C-4693-9680-6B38B8F301F1}"
EndProject
Global
	GlobalSection(SolutionConfigurationPlatforms) = preSolution
		Debug|Any CPU = Debug|Any CPU
		Release|Any CPU = Release|Any CPU
	EndGlobalSection
	GlobalSection(ProjectConfigurationPlatforms) = postSolution
		{47464910-182D-4810-B973-DCDC50927EA6}.Debug|Any CPU.ActiveCfg = Debug|Any CPU
		{47464910-182D-4810-B973-DCDC50927EA6}.Debug|Any CPU.Build.0 = Debug|Any CPU
		{47464910-182D-4810-B973-DCDC50927EA6}.Release|Any CPU.ActiveCfg = Release|Any CPU
		{47464910-182D-4810-B973-DCDC50927EA6}.Release|Any CPU.Build.0 = Release|Any CPU
		{F9ACC456-7C1C-4693-9680-6B38B8F301F1}.Debug|Any CPU.ActiveCfg = Debug|Any CPU
		{F9ACC456-7C1C-4693-9680-6B38B8F301F1}.Debug|Any CPU.Build.0 = Debug|Any CPU
		{F9ACC456-7C1C-4693-9680-6B38B8F301F1}.Release|Any CPU.ActiveCfg = Release|Any CPU
		{F9ACC456-7C1C-4693-9680-6B38B8F301F1}.Release|Any CPU.Build.0 = Release|Any CPU
	EndGlobalSection
	GlobalSection(NestedProjects) = preSolution
		{F9ACC456-7C1C-4693-9680-6B38B8F301F1} = {3CB2813B-017F-41AF-B57C-978154056380}
	EndGlobalSection
EndGlobal
